Microsoft Visual Studio Solution File, Format Version 12.00
# Visual Studio Version 17
VisualStudioVersion = 17.8.34330.188
MinimumVisualStudioVersion = 10.0.40219.1
Project("{9A19103F-16F7-4668-BE54-9A1E7A4F7556}") = "ExeGrup.Web", "ExeGrup.Web\ExeGrup.Web.csproj", "{3E1A2B44-8C7D-4E1F-9A5B-7C6D8E2F1A90}"
EndProject
Global
	GlobalSection(SolutionConfigurationPlatforms) = preSolution
		Debug|Any CPU = Debug|Any CPU
		Release|Any CPU = Release|Any CPU
	EndGlobalSection
	GlobalSection(ProjectConfigurationPlatforms) = postSolution
		{3E1A2B44-8C7D-4E1F-9A5B-7C6D8E2F1A90}.Debug|Any CPU.ActiveCfg = Debug|Any CPU
		{3E1A2B44-8C7D-4E1F-9A5B-7C6D8E2F1A90}.Debug|Any CPU.Build.0 = Debug|Any CPU
		{3E1A2B44-8C7D-4E1F-9A5B-7C6D8E2F1A90}.Release|Any CPU.ActiveCfg = Release|Any CPU
		{3E1A2B44-8C7D-4E1F-9A5B-7C6D8E2F1A90}.Release|Any CPU.Build.0 = Release|Any CPU
	EndGlobalSection
	GlobalSection(SolutionProperties) = preSolution
		HideSolutionNode = FALSE
	EndGlobalSection
EndGlobal
